
Microsoft Visual Studio Solution File, Format Version 12.00
# Visual Studio 15
VisualStudioVersion = 15.0.27428.2011
MinimumVisualStudioVersion = 10.0.40219.1
Project("{FAE04EC0-301F-11D3-BF4B-00C04F79EFBC}") = "GedditWeb", "GedditWeb\GedditWeb.csproj", "{D59583B4-E07F-4B09-B9E9-B1BC1C8130F8}"
EndProject
Global
	GlobalSection(SolutionConfigurationPlatforms) = preSolution
		Debug|Any CPU = Debug|Any CPU
		Release|Any CPU = Release|Any CPU
	EndGlobalSection
	GlobalSection(ProjectConfigurationPlatforms) = postSolution
		{D59583B4-E07F-4B09-B9E9-B1BC1C8130F8}.Debug|Any CPU.ActiveCfg = Debug|Any CPU
		{D59583B4-E07F-4B09-B9E9-B1BC1C8130F8}.Debug|Any CPU.Build.0 = Debug|Any CPU
		{D59583B4-E07F-4B09-B9E9-B1BC1C8130F8}.Release|Any CPU.ActiveCfg = Release|Any CPU
		{D59583B4-E07F-4B09-B9E9-B1BC1C8130F8}.Release|Any CPU.Build.0 = Release|Any CPU
	EndGlobalSection
	GlobalSection(SolutionProperties) = preSolution
		HideSolutionNode = FALSE
	EndGlobalSection
	GlobalSection(ExtensibilityGlobals) = postSolution
		SolutionGuid = {67EE93E4-E030-4CAE-A518-DBE408129791}
	EndGlobalSection
EndGlobal
